{
  "version": "4",
  "specifiers": {
    "jsr:@std/assert@1": "1.0.11",
    "jsr:@std/internal@^1.0.5": "1.0.5",
    "npm:fast-xml-parser@*": "4.5.1",
    "npm:fast-xml-parser@^4.5.1": "4.5.1",
    "npm:pako@*": "2.1.0",
    "npm:pathe@*": "2.0.2",
    "npm:pathe@^2.0.2": "2.0.2"
  },
  "jsr": {
    "@std/assert@1.0.11": {
      "integrity": "2461ef3c368fe88bc60e186e7744a93112f16fd110022e113a0849e94d1c83c1",
      "dependencies": [
        "jsr:@std/internal"
      ]
    },
    "@std/internal@1.0.5": {
      "integrity": "54a546004f769c1ac9e025abd15a76b6671ddc9687e2313b67376125650dc7ba"
    }
  },
  "npm": {
    "fast-xml-parser@4.5.1": {
      "integrity": "sha512-y655CeyUQ+jj7KBbYMc4FG01V8ZQqjN+gDYGJ50RtfsUB8iG9AmwmwoAgeKLJdmueKKMrH1RJ7yXHTSoczdv5w==",
      "dependencies": [
        "strnum"
      ]
    },
    "pako@2.1.0": {
      "integrity": "sha512-w+eufiZ1WuJYgPXbV/PO3NCMEc3xqylkKHzp8bxp1uW4qaSNQUkwmLLEc3kKsfz8lpV1F8Ht3U1Cm+9Srog2ug=="
    },
    "pathe@2.0.2": {
      "integrity": "sha512-15Ztpk+nov8DR524R4BF7uEuzESgzUEAV4Ah7CUMNGXdE5ELuvxElxGXndBl32vMSsWa1jpNf22Z+Er3sKwq+w=="
    },
    "strnum@1.0.5": {
      "integrity": "sha512-J8bbNyKKXl5qYcR36TIO8W3mVGVHrmmxsd5PAItGkmyzwJvybiw2IVq5nqd0i4LSNSkB/sx9VHllbfFdr9k1JA=="
    }
  },
  "remote": {
    "https://deno.land/std@0.197.0/encoding/base64.ts": "144ae6234c1fbe5b68666c711dc15b1e9ee2aef6d42b3b4345bf9a6c91d70d0d"
  },
  "workspace": {
    "dependencies": [
      "jsr:@std/assert@1",
      "npm:fast-xml-parser@^4.5.1",
      "npm:pathe@^2.0.2"
    ]
  }
}
